
Microsoft Visual Studio Solution File, Format Version 12.00
# Visual Studio Version 16
VisualStudioVersion = 16.0.29009.5
MinimumVisualStudioVersion = 10.0.40219.1
Project("{FAE04EC0-301F-11D3-BF4B-00C04F79EFBC}") = "IMSROHIT", "IMSROHIT\IMSROHIT.csproj", "{83875DF7-C8CC-465D-9B38-D0E44E937928}"
EndProject
Global
	GlobalSection(SolutionConfigurationPlatforms) = preSolution
		Debug|Any CPU = Debug|Any CPU
		Release|Any CPU = Release|Any CPU
	EndGlobalSection
	GlobalSection(ProjectConfigurationPlatforms) = postSolution
		{83875DF7-C8CC-465D-9B38-D0E44E937928}.Debug|Any CPU.ActiveCfg = Debug|Any CPU
		{83875DF7-C8CC-465D-9B38-D0E44E937928}.Debug|Any CPU.Build.0 = Debug|Any CPU
		{83875DF7-C8CC-465D-9B38-D0E44E937928}.Release|Any CPU.ActiveCfg = Release|Any CPU
		{83875DF7-C8CC-465D-9B38-D0E44E937928}.Release|Any CPU.Build.0 = Release|Any CPU
	EndGlobalSection
	GlobalSection(SolutionProperties) = preSolution
		HideSolutionNode = FALSE
	EndGlobalSection
	GlobalSection(ExtensibilityGlobals) = postSolution
		SolutionGuid = {E83C0BFD-49E6-47CC-8DDC-D2E32F60EBC0}
	EndGlobalSection
EndGlobal
